{
  "name": "react-intl",
  "version": "1.0.0",
  "lockfileVersion": 2,
  "requires": true,
  "packages": {
    "": {
      "name": "react-intl",
      "version": "1.0.0",
      "license": "ISC",
      "dependencies": {
        "react-intl": "^6.4.4"
      }
    },
    "node_modules/@formatjs/ecma402-abstract": {
      "version": "1.17.0",
      "resolved": "https://registry.npmjs.org/@formatjs/ecma402-abstract/-/ecma402-abstract-1.17.0.tgz",
      "integrity": "sha512-6ueQTeJZtwKjmh23bdkq/DMqH4l4bmfvtQH98blOSbiXv/OUiyijSW6jU22IT8BNM1ujCaEvJfTtyCYVH38EMQ==",
      "dependencies": {
        "@formatjs/intl-localematcher": "0.4.0",
        "tslib": "^2.4.0"
      }
    },
    "node_modules/@formatjs/fast-memoize": {
      "version": "2.2.0",
      "resolved": "https://registry.npmjs.org/@formatjs/fast-memoize/-/fast-memoize-2.2.0.tgz",
      "integrity": "sha512-hnk/nY8FyrL5YxwP9e4r9dqeM6cAbo8PeU9UjyXojZMNvVad2Z06FAVHyR3Ecw6fza+0GH7vdJgiKIVXTMbSBA==",
      "dependencies": {
        "tslib": "^2.4.0"
      }
    },
    "node_modules/@formatjs/icu-messageformat-parser": {
      "version": "2.6.0",
      "resolved": "https://registry.npmjs.org/@formatjs/icu-messageformat-parser/-/icu-messageformat-parser-2.6.0.tgz",
      "integrity": "sha512-yT6at0qc0DANw9qM/TU8RZaCtfDXtj4pZM/IC2WnVU80yAcliS3KVDiuUt4jSQAeFL9JS5bc2hARnFmjPdA6qw==",
      "dependencies": {
        "@formatjs/ecma402-abstract": "1.17.0",
        "@formatjs/icu-skeleton-parser": "1.6.0",
        "tslib": "^2.4.0"
      }
    },
    "node_modules/@formatjs/icu-skeleton-parser": {
      "version": "1.6.0",
      "resolved": "https://registry.npmjs.org/@formatjs/icu-skeleton-parser/-/icu-skeleton-parser-1.6.0.tgz",
      "integrity": "sha512-eMmxNpoX/J1IPUjPGSZwo0Wh+7CEvdEMddP2Jxg1gQJXfGfht/FdW2D5XDFj3VMbOTUQlDIdZJY7uC6O6gjPoA==",
      "dependencies": {
        "@formatjs/ecma402-abstract": "1.17.0",
        "tslib": "^2.4.0"
      }
    },
    "node_modules/@formatjs/intl": {
      "version": "2.9.0",
      "resolved": "https://registry.npmjs.org/@formatjs/intl/-/intl-2.9.0.tgz",
      "integrity": "sha512-Ym0trUoC/VO6wQu4YHa0H1VR2tEixFRmwZgADkDLm7nD+vv1Ob+/88mUAoT0pwvirFqYKgUKEwp1tFepqyqvVA==",
      "dependencies": {
        "@formatjs/ecma402-abstract": "1.17.0",
        "@formatjs/fast-memoize": "2.2.0",
        "@formatjs/icu-messageformat-parser": "2.6.0",
        "@formatjs/intl-displaynames": "6.5.0",
        "@formatjs/intl-listformat": "7.4.0",
        "intl-messageformat": "10.5.0",
        "tslib": "^2.4.0"
      },
      "peerDependencies": {
        "typescript": "^4.7 || 5"
      },
      "peerDependenciesMeta": {
        "typescript": {
          "optional": true
        }
      }
    },
    "node_modules/@formatjs/intl-displaynames": {
      "version": "6.5.0",
      "resolved": "https://registry.npmjs.org/@formatjs/intl-displaynames/-/intl-displaynames-6.5.0.tgz",
      "integrity": "sha512-sg/nR8ILEdUl+2sWu6jc1nQ5s04yucGlH1RVfatW8TSJ5uG3Yy3vgigi8NNC/BuhcncUNPWqSpTCSI1hA+rhiw==",
      "dependencies": {
        "@formatjs/ecma402-abstract": "1.17.0",
        "@formatjs/intl-localematcher": "0.4.0",
        "tslib": "^2.4.0"
      }
    },
    "node_modules/@formatjs/intl-listformat": {
      "version": "7.4.0",
      "resolved": "https://registry.npmjs.org/@formatjs/intl-listformat/-/intl-listformat-7.4.0.tgz",
      "integrity": "sha512-ifupb+balZUAF/Oh3QyGRqPRWGSKwWoMPR0cYZEG7r61SimD+m38oFQqVx/3Fp7LfQFF11m7IS+MlxOo2sKINA==",
      "dependencies": {
        "@formatjs/ecma402-abstract": "1.17.0",
        "@formatjs/intl-localematcher": "0.4.0",
        "tslib": "^2.4.0"
      }
    },
    "node_modules/@formatjs/intl-localematcher": {
      "version": "0.4.0",
      "resolved": "https://registry.npmjs.org/@formatjs/intl-localematcher/-/intl-localematcher-0.4.0.tgz",
      "integrity": "sha512-bRTd+rKomvfdS4QDlVJ6TA/Jx1F2h/TBVO5LjvhQ7QPPHp19oPNMIum7W2CMEReq/zPxpmCeB31F9+5gl/qtvw==",
      "dependencies": {
        "tslib": "^2.4.0"
      }
    },
    "node_modules/@types/hoist-non-react-statics": {
      "version": "3.3.1",
      "resolved": "https://registry.npmjs.org/@types/hoist-non-react-statics/-/hoist-non-react-statics-3.3.1.tgz",
      "integrity": "sha512-iMIqiko6ooLrTh1joXodJK5X9xeEALT1kM5G3ZLhD3hszxBdIEd5C75U834D9mLcINgD4OyZf5uQXjkuYydWvA==",
      "dependencies": {
        "@types/react": "*",
        "hoist-non-react-statics": "^3.3.0"
      }
    },
    "node_modules/@types/prop-types": {
      "version": "15.7.5",
      "resolved": "https://registry.npmjs.org/@types/prop-types/-/prop-types-15.7.5.tgz",
      "integrity": "sha512-JCB8C6SnDoQf0cNycqd/35A7MjcnK+ZTqE7judS6o7utxUCg6imJg3QK2qzHKszlTjcj2cn+NwMB2i96ubpj7w=="
    },
    "node_modules/@types/react": {
      "version": "18.2.14",
      "resolved": "https://registry.npmjs.org/@types/react/-/react-18.2.14.tgz",
      "integrity": "sha512-A0zjq+QN/O0Kpe30hA1GidzyFjatVvrpIvWLxD+xv67Vt91TWWgco9IvrJBkeyHm1trGaFS/FSGqPlhyeZRm0g==",
      "dependencies": {
        "@types/prop-types": "*",
        "@types/scheduler": "*",
        "csstype": "^3.0.2"
      }
    },
    "node_modules/@types/scheduler": {
      "version": "0.16.3",
      "resolved": "https://registry.npmjs.org/@types/scheduler/-/scheduler-0.16.3.tgz",
      "integrity": "sha512-5cJ8CB4yAx7BH1oMvdU0Jh9lrEXyPkar6F9G/ERswkCuvP4KQZfZkSjcMbAICCpQTN4OuZn8tz0HiKv9TGZgrQ=="
    },
    "node_modules/csstype": {
      "version": "3.1.2",
      "resolved": "https://registry.npmjs.org/csstype/-/csstype-3.1.2.tgz",
      "integrity": "sha512-I7K1Uu0MBPzaFKg4nI5Q7Vs2t+3gWWW648spaF+Rg7pI9ds18Ugn+lvg4SHczUdKlHI5LWBXyqfS8+DufyBsgQ=="
    },
    "node_modules/hoist-non-react-statics": {
      "version": "3.3.2",
      "resolved": "https://registry.npmjs.org/hoist-non-react-statics/-/hoist-non-react-statics-3.3.2.tgz",
      "integrity": "sha512-/gGivxi8JPKWNm/W0jSmzcMPpfpPLc3dY/6GxhX2hQ9iGj3aDfklV4ET7NjKpSinLpJ5vafa9iiGIEZg10SfBw==",
      "dependencies": {
        "react-is": "^16.7.0"
      }
    },
    "node_modules/intl-messageformat": {
      "version": "10.5.0",
      "resolved": "https://registry.npmjs.org/intl-messageformat/-/intl-messageformat-10.5.0.tgz",
      "integrity": "sha512-AvojYuOaRb6r2veOKfTVpxH9TrmjSdc5iR9R5RgBwrDZYSmAAFVT+QLbW3C4V7Qsg0OguMp67Q/EoUkxZzXRGw==",
      "dependencies": {
        "@formatjs/ecma402-abstract": "1.17.0",
        "@formatjs/fast-memoize": "2.2.0",
        "@formatjs/icu-messageformat-parser": "2.6.0",
        "tslib": "^2.4.0"
      }
    },
    "node_modules/js-tokens": {
      "version": "4.0.0",
      "resolved": "https://registry.npmjs.org/js-tokens/-/js-tokens-4.0.0.tgz",
      "integrity": "sha512-RdJUflcE3cUzKiMqQgsCu06FPu9UdIJO0beYbPhHN4k6apgJtifcoCtT9bcxOpYBtpD2kCM6Sbzg4CausW/PKQ==",
      "peer": true
    },
    "node_modules/loose-envify": {
      "version": "1.4.0",
      "resolved": "https://registry.npmjs.org/loose-envify/-/loose-envify-1.4.0.tgz",
      "integrity": "sha512-lyuxPGr/Wfhrlem2CL/UcnUc1zcqKAImBDzukY7Y5F/yQiNdko6+fRLevlw1HgMySw7f611UIY408EtxRSoK3Q==",
      "peer": true,
      "dependencies": {
        "js-tokens": "^3.0.0 || ^4.0.0"
      },
      "bin": {
        "loose-envify": "cli.js"
      }
    },
    "node_modules/react": {
      "version": "18.2.0",
      "resolved": "https://registry.npmjs.org/react/-/react-18.2.0.tgz",
      "integrity": "sha512-/3IjMdb2L9QbBdWiW5e3P2/npwMBaU9mHCSCUzNln0ZCYbcfTsGbTJrU/kGemdH2IWmB2ioZ+zkxtmq6g09fGQ==",
      "peer": true,
      "dependencies": {
        "loose-envify": "^1.1.0"
      },
      "engines": {
        "node": ">=0.10.0"
      }
    },
    "node_modules/react-intl": {
      "version": "6.4.4",
      "resolved": "https://registry.npmjs.org/react-intl/-/react-intl-6.4.4.tgz",
      "integrity": "sha512-/C9Sl/5//ohfkNG6AWlJuf4BhTXsbzyk93K62A4zRhSPANyOGpKZ+fWhN+TLfFd5YjDUHy+exU/09y0w1bO4Xw==",
      "dependencies": {
        "@formatjs/ecma402-abstract": "1.17.0",
        "@formatjs/icu-messageformat-parser": "2.6.0",
        "@formatjs/intl": "2.9.0",
        "@formatjs/intl-displaynames": "6.5.0",
        "@formatjs/intl-listformat": "7.4.0",
        "@types/hoist-non-react-statics": "^3.3.1",
        "@types/react": "16 || 17 || 18",
        "hoist-non-react-statics": "^3.3.2",
        "intl-messageformat": "10.5.0",
        "tslib": "^2.4.0"
      },
      "peerDependencies": {
        "react": "^16.6.0 || 17 || 18",
        "typescript": "^4.7 || 5"
      },
      "peerDependenciesMeta": {
        "typescript": {
          "optional": true
        }
      }
    },
    "node_modules/react-is": {
      "version": "16.13.1",
      "resolved": "https://registry.npmjs.org/react-is/-/react-is-16.13.1.tgz",
      "integrity": "sha512-24e6ynE2H+OKt4kqsOvNd8kBpV65zoxbA4BVsEOB3ARVWQki/DHzaUoC5KuON/BiccDaCCTZBuOcfZs70kR8bQ=="
    },
    "node_modules/tslib": {
      "version": "2.5.3",
      "resolved": "https://registry.npmjs.org/tslib/-/tslib-2.5.3.tgz",
      "integrity": "sha512-mSxlJJwl3BMEQCUNnxXBU9jP4JBktcEGhURcPR6VQVlnP0FdDEsIaz0C35dXNGLyRfrATNofF0F5p2KPxQgB+w=="
    }
  },
  "dependencies": {
    "@formatjs/ecma402-abstract": {
      "version": "1.17.0",
      "resolved": "https://registry.npmjs.org/@formatjs/ecma402-abstract/-/ecma402-abstract-1.17.0.tgz",
      "integrity": "sha512-6ueQTeJZtwKjmh23bdkq/DMqH4l4bmfvtQH98blOSbiXv/OUiyijSW6jU22IT8BNM1ujCaEvJfTtyCYVH38EMQ==",
      "requires": {
        "@formatjs/intl-localematcher": "0.4.0",
        "tslib": "^2.4.0"
      }
    },
    "@formatjs/fast-memoize": {
      "version": "2.2.0",
      "resolved": "https://registry.npmjs.org/@formatjs/fast-memoize/-/fast-memoize-2.2.0.tgz",
      "integrity": "sha512-hnk/nY8FyrL5YxwP9e4r9dqeM6cAbo8PeU9UjyXojZMNvVad2Z06FAVHyR3Ecw6fza+0GH7vdJgiKIVXTMbSBA==",
      "requires": {
        "tslib": "^2.4.0"
      }
    },
    "@formatjs/icu-messageformat-parser": {
      "version": "2.6.0",
      "resolved": "https://registry.npmjs.org/@formatjs/icu-messageformat-parser/-/icu-messageformat-parser-2.6.0.tgz",
      "integrity": "sha512-yT6at0qc0DANw9qM/TU8RZaCtfDXtj4pZM/IC2WnVU80yAcliS3KVDiuUt4jSQAeFL9JS5bc2hARnFmjPdA6qw==",
      "requires": {
        "@formatjs/ecma402-abstract": "1.17.0",
        "@formatjs/icu-skeleton-parser": "1.6.0",
        "tslib": "^2.4.0"
      }
    },
    "@formatjs/icu-skeleton-parser": {
      "version": "1.6.0",
      "resolved": "https://registry.npmjs.org/@formatjs/icu-skeleton-parser/-/icu-skeleton-parser-1.6.0.tgz",
      "integrity": "sha512-eMmxNpoX/J1IPUjPGSZwo0Wh+7CEvdEMddP2Jxg1gQJXfGfht/FdW2D5XDFj3VMbOTUQlDIdZJY7uC6O6gjPoA==",
      "requires": {
        "@formatjs/ecma402-abstract": "1.17.0",
        "tslib": "^2.4.0"
      }
    },
    "@formatjs/intl": {
      "version": "2.9.0",
      "resolved": "https://registry.npmjs.org/@formatjs/intl/-/intl-2.9.0.tgz",
      "integrity": "sha512-Ym0trUoC/VO6wQu4YHa0H1VR2tEixFRmwZgADkDLm7nD+vv1Ob+/88mUAoT0pwvirFqYKgUKEwp1tFepqyqvVA==",
      "requires": {
        "@formatjs/ecma402-abstract": "1.17.0",
        "@formatjs/fast-memoize": "2.2.0",
        "@formatjs/icu-messageformat-parser": "2.6.0",
        "@formatjs/intl-displaynames": "6.5.0",
        "@formatjs/intl-listformat": "7.4.0",
        "intl-messageformat": "10.5.0",
        "tslib": "^2.4.0"
      }
    },
    "@formatjs/intl-displaynames": {
      "version": "6.5.0",
      "resolved": "https://registry.npmjs.org/@formatjs/intl-displaynames/-/intl-displaynames-6.5.0.tgz",
      "integrity": "sha512-sg/nR8ILEdUl+2sWu6jc1nQ5s04yucGlH1RVfatW8TSJ5uG3Yy3vgigi8NNC/BuhcncUNPWqSpTCSI1hA+rhiw==",
      "requires": {
        "@formatjs/ecma402-abstract": "1.17.0",
        "@formatjs/intl-localematcher": "0.4.0",
        "tslib": "^2.4.0"
      }
    },
    "@formatjs/intl-listformat": {
      "version": "7.4.0",
      "resolved": "https://registry.npmjs.org/@formatjs/intl-listformat/-/intl-listformat-7.4.0.tgz",
      "integrity": "sha512-ifupb+balZUAF/Oh3QyGRqPRWGSKwWoMPR0cYZEG7r61SimD+m38oFQqVx/3Fp7LfQFF11m7IS+MlxOo2sKINA==",
      "requires": {
        "@formatjs/ecma402-abstract": "1.17.0",
        "@formatjs/intl-localematcher": "0.4.0",
        "tslib": "^2.4.0"
      }
    },
    "@formatjs/intl-localematcher": {
      "version": "0.4.0",
      "resolved": "https://registry.npmjs.org/@formatjs/intl-localematcher/-/intl-localematcher-0.4.0.tgz",
      "integrity": "sha512-bRTd+rKomvfdS4QDlVJ6TA/Jx1F2h/TBVO5LjvhQ7QPPHp19oPNMIum7W2CMEReq/zPxpmCeB31F9+5gl/qtvw==",
      "requires": {
        "tslib": "^2.4.0"
      }
    },
    "@types/hoist-non-react-statics": {
      "version": "3.3.1",
      "resolved": "https://registry.npmjs.org/@types/hoist-non-react-statics/-/hoist-non-react-statics-3.3.1.tgz",
      "integrity": "sha512-iMIqiko6ooLrTh1joXodJK5X9xeEALT1kM5G3ZLhD3hszxBdIEd5C75U834D9mLcINgD4OyZf5uQXjkuYydWvA==",
      "requires": {
        "@types/react": "*",
        "hoist-non-react-statics": "^3.3.0"
      }
    },
    "@types/prop-types": {
      "version": "15.7.5",
      "resolved": "https://registry.npmjs.org/@types/prop-types/-/prop-types-15.7.5.tgz",
      "integrity": "sha512-JCB8C6SnDoQf0cNycqd/35A7MjcnK+ZTqE7judS6o7utxUCg6imJg3QK2qzHKszlTjcj2cn+NwMB2i96ubpj7w=="
    },
    "@types/react": {
      "version": "18.2.14",
      "resolved": "https://registry.npmjs.org/@types/react/-/react-18.2.14.tgz",
      "integrity": "sha512-A0zjq+QN/O0Kpe30hA1GidzyFjatVvrpIvWLxD+xv67Vt91TWWgco9IvrJBkeyHm1trGaFS/FSGqPlhyeZRm0g==",
      "requires": {
        "@types/prop-types": "*",
        "@types/scheduler": "*",
        "csstype": "^3.0.2"
      }
    },
    "@types/scheduler": {
      "version": "0.16.3",
      "resolved": "https://registry.npmjs.org/@types/scheduler/-/scheduler-0.16.3.tgz",
      "integrity": "sha512-5cJ8CB4yAx7BH1oMvdU0Jh9lrEXyPkar6F9G/ERswkCuvP4KQZfZkSjcMbAICCpQTN4OuZn8tz0HiKv9TGZgrQ=="
    },
    "csstype": {
      "version": "3.1.2",
      "resolved": "https://registry.npmjs.org/csstype/-/csstype-3.1.2.tgz",
      "integrity": "sha512-I7K1Uu0MBPzaFKg4nI5Q7Vs2t+3gWWW648spaF+Rg7pI9ds18Ugn+lvg4SHczUdKlHI5LWBXyqfS8+DufyBsgQ=="
    },
    "hoist-non-react-statics": {
      "version": "3.3.2",
      "resolved": "https://registry.npmjs.org/hoist-non-react-statics/-/hoist-non-react-statics-3.3.2.tgz",
      "integrity": "sha512-/gGivxi8JPKWNm/W0jSmzcMPpfpPLc3dY/6GxhX2hQ9iGj3aDfklV4ET7NjKpSinLpJ5vafa9iiGIEZg10SfBw==",
      "requires": {
        "react-is": "^16.7.0"
      }
    },
    "intl-messageformat": {
      "version": "10.5.0",
      "resolved": "https://registry.npmjs.org/intl-messageformat/-/intl-messageformat-10.5.0.tgz",
      "integrity": "sha512-AvojYuOaRb6r2veOKfTVpxH9TrmjSdc5iR9R5RgBwrDZYSmAAFVT+QLbW3C4V7Qsg0OguMp67Q/EoUkxZzXRGw==",
      "requires": {
        "@formatjs/ecma402-abstract": "1.17.0",
        "@formatjs/fast-memoize": "2.2.0",
        "@formatjs/icu-messageformat-parser": "2.6.0",
        "tslib": "^2.4.0"
      }
    },
    "js-tokens": {
      "version": "4.0.0",
      "resolved": "https://registry.npmjs.org/js-tokens/-/js-tokens-4.0.0.tgz",
      "integrity": "sha512-RdJUflcE3cUzKiMqQgsCu06FPu9UdIJO0beYbPhHN4k6apgJtifcoCtT9bcxOpYBtpD2kCM6Sbzg4CausW/PKQ==",
      "peer": true
    },
    "loose-envify": {
      "version": "1.4.0",
      "resolved": "https://registry.npmjs.org/loose-envify/-/loose-envify-1.4.0.tgz",
      "integrity": "sha512-lyuxPGr/Wfhrlem2CL/UcnUc1zcqKAImBDzukY7Y5F/yQiNdko6+fRLevlw1HgMySw7f611UIY408EtxRSoK3Q==",
      "peer": true,
      "requires": {
        "js-tokens": "^3.0.0 || ^4.0.0"
      }
    },
    "react": {
      "version": "18.2.0",
      "resolved": "https://registry.npmjs.org/react/-/react-18.2.0.tgz",
      "integrity": "sha512-/3IjMdb2L9QbBdWiW5e3P2/npwMBaU9mHCSCUzNln0ZCYbcfTsGbTJrU/kGemdH2IWmB2ioZ+zkxtmq6g09fGQ==",
      "peer": true,
      "requires": {
        "loose-envify": "^1.1.0"
      }
    },
    "react-intl": {
      "version": "6.4.4",
      "resolved": "https://registry.npmjs.org/react-intl/-/react-intl-6.4.4.tgz",
      "integrity": "sha512-/C9Sl/5//ohfkNG6AWlJuf4BhTXsbzyk93K62A4zRhSPANyOGpKZ+fWhN+TLfFd5YjDUHy+exU/09y0w1bO4Xw==",
      "requires": {
        "@formatjs/ecma402-abstract": "1.17.0",
        "@formatjs/icu-messageformat-parser": "2.6.0",
        "@formatjs/intl": "2.9.0",
        "@formatjs/intl-displaynames": "6.5.0",
        "@formatjs/intl-listformat": "7.4.0",
        "@types/hoist-non-react-statics": "^3.3.1",
        "@types/react": "16 || 17 || 18",
        "hoist-non-react-statics": "^3.3.2",
        "intl-messageformat": "10.5.0",
        "tslib": "^2.4.0"
      }
    },
    "react-is": {
      "version": "16.13.1",
      "resolved": "https://registry.npmjs.org/react-is/-/react-is-16.13.1.tgz",
      "integrity": "sha512-24e6ynE2H+OKt4kqsOvNd8kBpV65zoxbA4BVsEOB3ARVWQki/DHzaUoC5KuON/BiccDaCCTZBuOcfZs70kR8bQ=="
    },
    "tslib": {
      "version": "2.5.3",
      "resolved": "https://registry.npmjs.org/tslib/-/tslib-2.5.3.tgz",
      "integrity": "sha512-mSxlJJwl3BMEQCUNnxXBU9jP4JBktcEGhURcPR6VQVlnP0FdDEsIaz0C35dXNGLyRfrATNofF0F5p2KPxQgB+w=="
    }
  }
}
